// !$*UTF8*$!
{
	archiveVersion = 1;
	classes = {
	};
	objectVersion = 50;
	objects = {

/* Begin PBXBuildFile section */
		A4C7B7BE2189BBE600851B32 /* leaves.gif in Resources */ = {isa = PBXBuildFile; fileRef = A4C7B7BD2189BBE600851B32 /* leaves.gif */; };
		A4EDE808218161C20032D5D9 /* AppDelegate.m in Sources */ = {isa = PBXBuildFile; fileRef = A4EDE807218161C20032D5D9 /* AppDelegate.m */; };
		A4EDE80B218161C20032D5D9 /* ViewController.m in Sources */ = {isa = PBXBuildFile; fileRef = A4EDE80A218161C20032D5D9 /* ViewController.m */; };
		A4EDE80E218161C20032D5D9 /* Main.storyboard in Resources */ = {isa = PBXBuildFile; fileRef = A4EDE80C218161C20032D5D9 /* Main.storyboard */; };
		A4EDE810218161C30032D5D9 /* Assets.xcassets in Resources */ = {isa = PBXBuildFile; fileRef = A4EDE80F218161C30032D5D9 /* Assets.xcassets */; };
		A4EDE813218161C30032D5D9 /* LaunchScreen.storyboard in Resources */ = {isa = PBXBuildFile; fileRef = A4EDE811218161C30032D5D9 /* LaunchScreen.storyboard */; };
		A4EDE816218161C30032D5D9 /* main.m in Sources */ = {isa = PBXBuildFile; fileRef = A4EDE815218161C30032D5D9 /* main.m */; };
/* End PBXBuildFile section */

/* Begin PBXFileReference section */
		A4C7B7BD2189BBE600851B32 /* leaves.gif */ = {isa = PBXFileReference; lastKnownFileType = image.gif; path = leaves.gif; sourceTree = "<group>"; };
		A4EDE803218161C20032D5D9 /* openglES.app */ = {isa = PBXFileReference; explicitFileType = wrapper.application; includeInIndex = 0; path = openglES.app; sourceTree = BUILT_PRODUCTS_DIR; };
		A4EDE806218161C20032D5D9 /* AppDelegate.h */ = {isa = PBXFileReference; lastKnownFileType = sourcecode.c.h; path = AppDelegate.h; sourceTree = "<group>"; };
		A4EDE807218161C20032D5D9 /* AppDelegate.m */ = {isa = PBXFileReference; lastKnownFileType = sourcecode.c.objc; path = AppDelegate.m; sourceTree = "<group>"; };
		A4EDE809218161C20032D5D9 /* ViewController.h */ = {isa = PBXFileReference; lastKnownFileType = sourcecode.c.h; path = ViewController.h; sourceTree = "<group>"; };
		A4EDE80A218161C20032D5D9 /* ViewController.m */ = {isa = PBXFileReference; lastKnownFileType = sourcecode.c.objc; path = ViewController.m; sourceTree = "<group>"; };
		A4EDE80D218161C20032D5D9 /* Base */ = {isa = PBXFileReference; lastKnownFileType = file.storyboard; name = Base; path = Base.lproj/Main.storyboard; sourceTree = "<group>"; };
		A4EDE80F218161C30032D5D9 /* Assets.xcassets */ = {isa = PBXFileReference; lastKnownFileType = folder.assetcatalog; path = Assets.xcassets; sourceTree = "<group>"; };
		A4EDE812218161C30032D5D9 /* Base */ = {isa = PBXFileReference; lastKnownFileType = file.storyboard; name = Base; path = Base.lproj/LaunchScreen.storyboard; sourceTree = "<group>"; };
		A4EDE814218161C30032D5D9 /* Info.plist */ = {isa = PBXFileReference; lastKnownFileType = text.plist.xml; path = Info.plist; sourceTree = "<group>"; };
		A4EDE815218161C30032D5D9 /* main.m */ = {isa = PBXFileReference; lastKnownFileType = sourcecode.c.objc; path = main.m; sourceTree = "<group>"; };
/* End PBXFileReference section */

/* Begin PBXFrameworksBuildPhase section */
		A4EDE800218161C20032D5D9 /* Frameworks */ = {
			isa = PBXFrameworksBuildPhase;
			buildActionMask = 2147483647;
			files = (
			);
			runOnlyForDeploymentPostprocessing = 0;
		};
/* End PBXFrameworksBuildPhase section */

/* Begin PBXGroup section */
		A4EDE7FA218161C20032D5D9 = {
			isa = PBXGroup;
			children = (
				A4EDE805218161C20032D5D9 /* openglES */,
				A4EDE804218161C20032D5D9 /* Products */,
			);
			sourceTree = "<group>";
		};
		A4EDE804218161C20032D5D9 /* Products */ = {
			isa = PBXGroup;
			children = (
				A4EDE803218161C20032D5D9 /* openglES.app */,
			);
			name = Products;
			sourceTree = "<group>";
		};
		A4EDE805218161C20032D5D9 /* openglES */ = {
			isa = PBXGroup;
			children = (
				A4C7B7BD2189BBE600851B32 /* leaves.gif */,
				A4EDE806218161C20032D5D9 /* AppDelegate.h */,
				A4EDE807218161C20032D5D9 /* AppDelegate.m */,
				A4EDE809218161C20032D5D9 /* ViewController.h */,
				A4EDE80A218161C20032D5D9 /* ViewController.m */,
				A4EDE80C218161C20032D5D9 /* Main.storyboard */,
				A4EDE80F218161C30032D5D9 /* Assets.xcassets */,
				A4EDE811218161C30032D5D9 /* LaunchScreen.storyboard */,
				A4EDE814218161C30032D5D9 /* Info.plist */,
				A4EDE815218161C30032D5D9 /* main.m */,
			);
			path = openglES;
			sourceTree = "<group>";
		};
/* End PBXGroup section */

/* Begin PBXNativeTarget section */
		A4EDE802218161C20032D5D9 /* openglES */ = {
			isa = PBXNativeTarget;
			buildConfigurationList = A4EDE819218161C30032D5D9 /* Build configuration list for PBXNativeTarget "openglES" */;
			buildPhases = (
				A4EDE7FF218161C20032D5D9 /* Sources */,
				A4EDE800218161C20032D5D9 /* Frameworks */,
				A4EDE801218161C20032D5D9 /* Resources */,
			);
			buildRules = (
			);
			dependencies = (
			);
			name = openglES;
			productName = openglES;
			productReference = A4EDE803218161C20032D5D9 /* openglES.app */;
			productType = "com.apple.product-type.application";
		};
/* End PBXNativeTarget section */

/* Begin PBXProject section */
		A4EDE7FB218161C20032D5D9 /* Project object */ = {
			isa = PBXProject;
			attributes = {
				LastUpgradeCheck = 0940;
				ORGANIZATIONNAME = "Yuan Le";
				TargetAttributes = {
					A4EDE802218161C20032D5D9 = {
						CreatedOnToolsVersion = 9.4.1;
					};
				};
			};
			buildConfigurationList = A4EDE7FE218161C20032D5D9 /* Build configuration list for PBXProject "openglES" */;
			compatibilityVersion = "Xcode 9.3";
			developmentRegion = en;
			hasScannedForEncodings = 0;
			knownRegions = (
				en,
				Base,
			);
			mainGroup = A4EDE7FA218161C20032D5D9;
			productRefGroup = A4EDE804218161C20032D5D9 /* Products */;
			projectDirPath = "";
			projectRoot = "";
			targets = (
				A4EDE802218161C20032D5D9 /* openglES */,
			);
		};
/* End PBXProject section */

/* Begin PBXResourcesBuildPhase section */
		A4EDE801218161C20032D5D9 /* Resources */ = {
			isa = PBXResourcesBuildPhase;
			buildActionMask = 2147483647;
			files = (
				A4EDE813218161C30032D5D9 /* LaunchScreen.storyboard in Resources */,
				A4EDE810218161C30032D5D9 /* Assets.xcassets in Resources */,
				A4C7B7BE2189BBE600851B32 /* leaves.gif in Resources */,
				A4EDE80E218161C20032D5D9 /* Main.storyboard in Resources */,
			);
			runOnlyForDeploymentPostprocessing = 0;
		};
/* End PBXResourcesBuildPhase section */

/* Begin PBXSourcesBuildPhase section */
		A4EDE7FF218161C20032D5D9 /* Sources */ = {
			isa = PBXSourcesBuildPhase;
			buildActionMask = 2147483647;
			files = (
				A4EDE80B218161C20032D5D9 /* ViewController.m in Sources */,
				A4EDE816218161C30032D5D9 /* main.m in Sources */,
				A4EDE808218161C20032D5D9 /* AppDelegate.m in Sources */,
			);
			runOnlyForDeploymentPostprocessing = 0;
		};
/* End PBXSourcesBuildPhase section */

/* Begin PBXVariantGroup section */
		A4EDE80C218161C20032D5D9 /* Main.storyboard */ = {
			isa = PBXVariantGroup;
			children = (
				A4EDE80D218161C20032D5D9 /* Base */,
			);
			name = Main.storyboard;
			sourceTree = "<group>";
		};
		A4EDE811218161C30032D5D9 /* LaunchScreen.storyboard */ = {
			isa = PBXVariantGroup;
			children = (
				A4EDE812218161C30032D5D9 /* Base */,
			);
			name = LaunchScreen.storyboard;
			sourceTree = "<group>";
		};
/* End PBXVariantGroup section */

/* Begin XCBuildConfiguration section */
		A4EDE817218161C30032D5D9 /* Debug */ = {
			isa = XCBuildConfiguration;
			buildSettings = {
				ALWAYS_SEARCH_USER_PATHS = NO;
				CLANG_ANALYZER_NONNULL = YES;
				CLANG_ANALYZER_NUMBER_OBJECT_CONVERSION = YES_AGGRESSIVE;
				CLANG_CXX_LANGUAGE_STANDARD = "gnu++14";
				CLANG_CXX_LIBRARY = "libc++";
				CLANG_ENABLE_MODULES = YES;
				CLANG_ENABLE_OBJC_ARC = YES;
				CLANG_ENABLE_OBJC_WEAK = YES;
				CLANG_WARN_BLOCK_CAPTURE_AUTORELEASING = YES;
				CLANG_WARN_BOOL_CONVERSION = YES;
				CLANG_WARN_COMMA = YES;
				CLANG_WARN_CONSTANT_CONVERSION = YES;
				CLANG_WARN_DEPRECATED_OBJC_IMPLEMENTATIONS = YES;
				CLANG_WARN_DIRECT_OBJC_ISA_USAGE = YES_ERROR;
				CLANG_WARN_DOCUMENTATION_COMMENTS = YES;
				CLANG_WARN_EMPTY_BODY = YES;
				CLANG_WARN_ENUM_CONVERSION = YES;
				CLANG_WARN_INFINITE_RECURSION = YES;
				CLANG_WARN_INT_CONVERSION = YES;
				CLANG_WARN_NON_LITERAL_NULL_CONVERSION = YES;
				CLANG_WARN_OBJC_IMPLICIT_RETAIN_SELF = YES;
				CLANG_WARN_OBJC_LITERAL_CONVERSION = YES;
				CLANG_WARN_OBJC_ROOT_CLASS = YES_ERROR;
				CLANG_WARN_RANGE_LOOP_ANALYSIS = YES;
				CLANG_WARN_STRICT_PROTOTYPES = YES;
				CLANG_WARN_SUSPICIOUS_MOVE = YES;
				CLANG_WARN_UNGUARDED_AVAILABILITY = YES_AGGRESSIVE;
				CLANG_WARN_UNREACHABLE_CODE = YES;
				CLANG_WARN__DUPLICATE_METHOD_MATCH = YES;
				CODE_SIGN_IDENTITY = "iPhone Developer";
				COPY_PHASE_STRIP = NO;
				DEBUG_INFORMATION_FORMAT = dwarf;
				ENABLE_STRICT_OBJC_MSGSEND = YES;
				ENABLE_TESTABILITY = YES;
				GCC_C_LANGUAGE_STANDARD = gnu11;
				GCC_DYNAMIC_NO_PIC = NO;
				GCC_NO_COMMON_BLOCKS = YES;
				GCC_OPTIMIZATION_LEVEL = 0;
				GCC_PREPROCESSOR_DEFINITIONS = (
					"DEBUG=1",
					"$(inherited)",
				);
				GCC_WARN_64_TO_32_BIT_CONVERSION = YES;
				GCC_WARN_ABOUT_RETURN_TYPE = YES_ERROR;
				GCC_WARN_UNDECLARED_SELECTOR = YES;
				GCC_WARN_UNINITIALIZED_AUTOS = YES_AGGRESSIVE;
				GCC_WARN_UNUSED_FUNCTION = YES;
				GCC_WARN_UNUSED_VARIABLE = YES;
				IPHONEOS_DEPLOYMENT_TARGET = 11.4;
				MTL_ENABLE_DEBUG_INFO = YES;
				ONLY_ACTIVE_ARCH = YES;
				SDKROOT = iphoneos;
			};
			name = Debug;
		};
		A4EDE818218161C30032D5D9 /* Release */ = {
			isa = XCBuildConfiguration;
			buildSettings = {
				ALWAYS_SEARCH_USER_PATHS = NO;
				CLANG_ANALYZER_NONNULL = YES;
				CLANG_ANALYZER_NUMBER_OBJECT_CONVERSION = YES_AGGRESSIVE;
				CLANG_CXX_LANGUAGE_STANDARD = "gnu++14";
				CLANG_CXX_LIBRARY = "libc++";
				CLANG_ENABLE_MODULES = YES;
				CLANG_ENABLE_OBJC_ARC = YES;
				CLANG_ENABLE_OBJC_WEAK = YES;
				CLANG_WARN_BLOCK_CAPTURE_AUTORELEASING = YES;
				CLANG_WARN_BOOL_CONVERSION = YES;
				CLANG_WARN_COMMA = YES;
				CLANG_WARN_CONSTANT_CONVERSION = YES;
				CLANG_WARN_DEPRECATED_OBJC_IMPLEMENTATIONS = YES;
				CLANG_WARN_DIRECT_OBJC_ISA_USAGE = YES_ERROR;
				CLANG_WARN_DOCUMENTATION_COMMENTS = YES;
				CLANG_WARN_EMPTY_BODY = YES;
				CLANG_WARN_ENUM_CONVERSION = YES;
				CLANG_WARN_INFINITE_RECURSION = YES;
				CLANG_WARN_INT_CONVERSION = YES;
				CLANG_WARN_NON_LITERAL_NULL_CONVERSION = YES;
				CLANG_WARN_OBJC_IMPLICIT_RETAIN_SELF = YES;
				CLANG_WARN_OBJC_LITERAL_CONVERSION = YES;
				CLANG_WARN_OBJC_ROOT_CLASS = YES_ERROR;
				CLANG_WARN_RANGE_LOOP_ANALYSIS = YES;
				CLANG_WARN_STRICT_PROTOTYPES = YES;
				CLANG_WARN_SUSPICIOUS_MOVE = YES;
				CLANG_WARN_UNGUARDED_AVAILABILITY = YES_AGGRESSIVE;
				CLANG_WARN_UNREACHABLE_CODE = YES;
				CLANG_WARN__DUPLICATE_METHOD_MATCH = YES;
				CODE_SIGN_IDENTITY = "iPhone Developer";
				COPY_PHASE_STRIP = NO;
				DEBUG_INFORMATION_FORMAT = "dwarf-with-dsym";
				ENABLE_NS_ASSERTIONS = NO;
				ENABLE_STRICT_OBJC_MSGSEND = YES;
				GCC_C_LANGUAGE_STANDARD = gnu11;
				GCC_NO_COMMON_BLOCKS = YES;
				GCC_WARN_64_TO_32_BIT_CONVERSION = YES;
				GCC_WARN_ABOUT_RETURN_TYPE = YES_ERROR;
				GCC_WARN_UNDECLARED_SELECTOR = YES;
				GCC_WARN_UNINITIALIZED_AUTOS = YES_AGGRESSIVE;
				GCC_WARN_UNUSED_FUNCTION = YES;
				GCC_WARN_UNUSED_VARIABLE = YES;
				IPHONEOS_DEPLOYMENT_TARGET = 11.4;
				MTL_ENABLE_DEBUG_INFO = NO;
				SDKROOT = iphoneos;
				VALIDATE_PRODUCT = YES;
			};
			name = Release;
		};
		A4EDE81A218161C30032D5D9 /* Debug */ = {
			isa = XCBuildConfiguration;
			buildSettings = {
				ASSETCATALOG_COMPILER_APPICON_NAME = AppIcon;
				CODE_SIGN_STYLE = Automatic;
				DEVELOPMENT_TEAM = A8B3C25CVM;
				INFOPLIST_FILE = openglES/Info.plist;
				LD_RUNPATH_SEARCH_PATHS = (
					"$(inherited)",
					"@executable_path/Frameworks",
				);
				PRODUCT_BUNDLE_IDENTIFIER = com.pinguo.openglES;
				PRODUCT_NAME = "$(TARGET_NAME)";
				TARGETED_DEVICE_FAMILY = "1,2";
			};
			name = Debug;
		};
		A4EDE81B218161C30032D5D9 /* Release */ = {
			isa = XCBuildConfiguration;
			buildSettings = {
				ASSETCATALOG_COMPILER_APPICON_NAME = AppIcon;
				CODE_SIGN_STYLE = Automatic;
				DEVELOPMENT_TEAM = A8B3C25CVM;
				INFOPLIST_FILE = openglES/Info.plist;
				LD_RUNPATH_SEARCH_PATHS = (
					"$(inherited)",
					"@executable_path/Frameworks",
				);
				PRODUCT_BUNDLE_IDENTIFIER = com.pinguo.openglES;
				PRODUCT_NAME = "$(TARGET_NAME)";
				TARGETED_DEVICE_FAMILY = "1,2";
			};
			name = Release;
		};
/* End XCBuildConfiguration section */

/* Begin XCConfigurationList section */
		A4EDE7FE218161C20032D5D9 /* Build configuration list for PBXProject "openglES" */ = {
			isa = XCConfigurationList;
			buildConfigurations = (
				A4EDE817218161C30032D5D9 /* Debug */,
				A4EDE818218161C30032D5D9 /* Release */,
			);
			defaultConfigurationIsVisible = 0;
			defaultConfigurationName = Release;
		};
		A4EDE819218161C30032D5D9 /* Build configuration list for PBXNativeTarget "openglES" */ = {
			isa = XCConfigurationList;
			buildConfigurations = (
				A4EDE81A218161C30032D5D9 /* Debug */,
				A4EDE81B218161C30032D5D9 /* Release */,
			);
			defaultConfigurationIsVisible = 0;
			defaultConfigurationName = Release;
		};
/* End XCConfigurationList section */
	};
	rootObject = A4EDE7FB218161C20032D5D9 /* Project object */;
}
